{
  "name": "shuaixn",
  "version": "1.0.0",
  "lockfileVersion": 1,
  "requires": true,
  "dependencies": {
    "@vant/weapp": {
      "version": "1.5.0",
      "resolved": "https://registry.npmjs.org/@vant/weapp/-/weapp-1.5.0.tgz",
      "integrity": "sha512-4hBH8U3/GQID+N1fV0m4dTbVR0R0iN06Zr2Xd9XFI2MvYXqtAWCrPkJ5umLxFF1MpZjlS/20V50MsGICgwZBug=="
    },
    "moment": {
      "version": "2.28.0",
      "resolved": "https://registry.npmjs.org/moment/-/moment-2.28.0.tgz",
      "integrity": "sha512-Z5KOjYmnHyd/ukynmFd/WwyXHd7L4J9vTI/nn5Ap9AVUgaAE15VvQ9MOGmJJygEUklupqIrFnor/tjTwRU+tQw=="
    },
    "querystringify": {
      "version": "2.1.1",
      "resolved": "https://registry.npmjs.org/querystringify/-/querystringify-2.1.1.tgz",
      "integrity": "sha512-w7fLxIRCRT7U8Qu53jQnJyPkYZIaR4n5151KMfcJlO/A9397Wxb1amJvROTK6TOnp7PfoAmg/qXiNHI+08jRfA=="
    },
    "regenerator-runtime": {
      "version": "0.13.5",
      "resolved": "https://registry.npmjs.org/regenerator-runtime/-/regenerator-runtime-0.13.5.tgz",
      "integrity": "sha512-ZS5w8CpKFinUzOwW3c83oPeVXoNsrLsaCoLtJvAClH135j/R77RuymhiSErhm2lKcwSCIpmvIWSbDkIfAqKQlA=="
    }
  }
}
